
Microsoft Visual Studio Solution File, Format Version 12.00
# Visual Studio Version 17
VisualStudioVersion = 17.3.32922.545
MinimumVisualStudioVersion = 10.0.40219.1
Project("{FAE04EC0-301F-11D3-BF4B-00C04F79EFBC}") = "Test_BTL", "Test_BTL\Test_BTL.csproj", "{A377F19C-B0DB-4374-8DD1-660B7F4F260C}"
EndProject
Global
	GlobalSection(SolutionConfigurationPlatforms) = preSolution
		Debug|Any CPU = Debug|Any CPU
		Release|Any CPU = Release|Any CPU
	EndGlobalSection
	GlobalSection(ProjectConfigurationPlatforms) = postSolution
		{A377F19C-B0DB-4374-8DD1-660B7F4F260C}.Debug|Any CPU.ActiveCfg = Debug|Any CPU
		{A377F19C-B0DB-4374-8DD1-660B7F4F260C}.Debug|Any CPU.Build.0 = Debug|Any CPU
		{A377F19C-B0DB-4374-8DD1-660B7F4F260C}.Release|Any CPU.ActiveCfg = Release|Any CPU
		{A377F19C-B0DB-4374-8DD1-660B7F4F260C}.Release|Any CPU.Build.0 = Release|Any CPU
	EndGlobalSection
	GlobalSection(SolutionProperties) = preSolution
		HideSolutionNode = FALSE
	EndGlobalSection
	GlobalSection(ExtensibilityGlobals) = postSolution
		SolutionGuid = {3254F499-7CF0-4546-89E8-54F187240C68}
	EndGlobalSection
EndGlobal
