
Microsoft Visual Studio Solution File, Format Version 12.00
# Visual Studio Version 17
VisualStudioVersion = 17.3.32811.315
MinimumVisualStudioVersion = 10.0.40219.1
Project("{FAE04EC0-301F-11D3-BF4B-00C04F79EFBC}") = "Matrix_OOP", "Matrix_OOP\Matrix_OOP.csproj", "{705B9B88-2FB3-4896-AE59-958A49CBAAD8}"
EndProject
Global
	GlobalSection(SolutionConfigurationPlatforms) = preSolution
		Debug|Any CPU = Debug|Any CPU
		Release|Any CPU = Release|Any CPU
	EndGlobalSection
	GlobalSection(ProjectConfigurationPlatforms) = postSolution
		{705B9B88-2FB3-4896-AE59-958A49CBAAD8}.Debug|Any CPU.ActiveCfg = Debug|Any CPU
		{705B9B88-2FB3-4896-AE59-958A49CBAAD8}.Debug|Any CPU.Build.0 = Debug|Any CPU
		{705B9B88-2FB3-4896-AE59-958A49CBAAD8}.Release|Any CPU.ActiveCfg = Release|Any CPU
		{705B9B88-2FB3-4896-AE59-958A49CBAAD8}.Release|Any CPU.Build.0 = Release|Any CPU
	EndGlobalSection
	GlobalSection(SolutionProperties) = preSolution
		HideSolutionNode = FALSE
	EndGlobalSection
	GlobalSection(ExtensibilityGlobals) = postSolution
		SolutionGuid = {8B2A01FF-7D1B-4737-BA2D-5C92170CBC72}
	EndGlobalSection
EndGlobal
