
Microsoft Visual Studio Solution File, Format Version 12.00
# Visual Studio Version 17
VisualStudioVersion = 17.3.32901.215
MinimumVisualStudioVersion = 10.0.40219.1
Project("{FAE04EC0-301F-11D3-BF4B-00C04F79EFBC}") = "Form_KhachHang", "Form_KhachHang\Form_KhachHang.csproj", "{9208759A-9264-4B44-97AB-B3CB99CA4849}"
EndProject
Global
	GlobalSection(SolutionConfigurationPlatforms) = preSolution
		Debug|Any CPU = Debug|Any CPU
		Release|Any CPU = Release|Any CPU
	EndGlobalSection
	GlobalSection(ProjectConfigurationPlatforms) = postSolution
		{9208759A-9264-4B44-97AB-B3CB99CA4849}.Debug|Any CPU.ActiveCfg = Debug|Any CPU
		{9208759A-9264-4B44-97AB-B3CB99CA4849}.Debug|Any CPU.Build.0 = Debug|Any CPU
		{9208759A-9264-4B44-97AB-B3CB99CA4849}.Release|Any CPU.ActiveCfg = Release|Any CPU
		{9208759A-9264-4B44-97AB-B3CB99CA4849}.Release|Any CPU.Build.0 = Release|Any CPU
	EndGlobalSection
	GlobalSection(SolutionProperties) = preSolution
		HideSolutionNode = FALSE
	EndGlobalSection
	GlobalSection(ExtensibilityGlobals) = postSolution
		SolutionGuid = {7DF55511-56BB-4211-BEFA-4775C1C43BB7}
	EndGlobalSection
EndGlobal
