
Microsoft Visual Studio Solution File, Format Version 12.00
# Visual Studio Version 17
VisualStudioVersion = 17.3.32811.315
MinimumVisualStudioVersion = 10.0.40219.1
Project("{FAE04EC0-301F-11D3-BF4B-00C04F79EFBC}") = "BTL_SQL", "BTL_SQL\BTL_SQL.csproj", "{BB6054C4-F83F-438A-BF02-87DE999FE1B7}"
EndProject
Global
	GlobalSection(SolutionConfigurationPlatforms) = preSolution
		Debug|Any CPU = Debug|Any CPU
		Release|Any CPU = Release|Any CPU
	EndGlobalSection
	GlobalSection(ProjectConfigurationPlatforms) = postSolution
		{BB6054C4-F83F-438A-BF02-87DE999FE1B7}.Debug|Any CPU.ActiveCfg = Debug|Any CPU
		{BB6054C4-F83F-438A-BF02-87DE999FE1B7}.Debug|Any CPU.Build.0 = Debug|Any CPU
		{BB6054C4-F83F-438A-BF02-87DE999FE1B7}.Release|Any CPU.ActiveCfg = Release|Any CPU
		{BB6054C4-F83F-438A-BF02-87DE999FE1B7}.Release|Any CPU.Build.0 = Release|Any CPU
	EndGlobalSection
	GlobalSection(SolutionProperties) = preSolution
		HideSolutionNode = FALSE
	EndGlobalSection
	GlobalSection(ExtensibilityGlobals) = postSolution
		SolutionGuid = {9323C493-B561-4B7D-A051-7C9320D3A738}
	EndGlobalSection
EndGlobal
