
Microsoft Visual Studio Solution File, Format Version 12.00
# Visual Studio Version 17
VisualStudioVersion = 17.3.32901.215
MinimumVisualStudioVersion = 10.0.40219.1
Project("{FAE04EC0-301F-11D3-BF4B-00C04F79EFBC}") = "SinhVien", "SinhVien\SinhVien.csproj", "{B780A67B-07D8-4FE4-9D0F-9E32DF290F12}"
EndProject
Global
	GlobalSection(SolutionConfigurationPlatforms) = preSolution
		Debug|Any CPU = Debug|Any CPU
		Release|Any CPU = Release|Any CPU
	EndGlobalSection
	GlobalSection(ProjectConfigurationPlatforms) = postSolution
		{B780A67B-07D8-4FE4-9D0F-9E32DF290F12}.Debug|Any CPU.ActiveCfg = Debug|Any CPU
		{B780A67B-07D8-4FE4-9D0F-9E32DF290F12}.Debug|Any CPU.Build.0 = Debug|Any CPU
		{B780A67B-07D8-4FE4-9D0F-9E32DF290F12}.Release|Any CPU.ActiveCfg = Release|Any CPU
		{B780A67B-07D8-4FE4-9D0F-9E32DF290F12}.Release|Any CPU.Build.0 = Release|Any CPU
	EndGlobalSection
	GlobalSection(SolutionProperties) = preSolution
		HideSolutionNode = FALSE
	EndGlobalSection
	GlobalSection(ExtensibilityGlobals) = postSolution
		SolutionGuid = {D5123ADD-CFEA-47A8-9F04-8A1DD7C39FDE}
	EndGlobalSection
EndGlobal
